// !$*UTF8*$!
{
	archiveVersion = 1;
	classes = {
	};
	objectVersion = 55;
	objects = {

/* Begin PBXBuildFile section */
		38EF624B27EA5C2D009D8DED /* AppDelegate.m in Sources */ = {isa = PBXBuildFile; fileRef = 38EF624A27EA5C2D009D8DED /* AppDelegate.m */; };
		38EF624E27EA5C2D009D8DED /* SceneDelegate.m in Sources */ = {isa = PBXBuildFile; fileRef = 38EF624D27EA5C2D009D8DED /* SceneDelegate.m */; };
		38EF625127EA5C2D009D8DED /* ViewController.m in Sources */ = {isa = PBXBuildFile; fileRef = 38EF625027EA5C2D009D8DED /* ViewController.m */; };
		38EF625427EA5C2D009D8DED /* Main.storyboard in Resources */ = {isa = PBXBuildFile; fileRef = 38EF625227EA5C2D009D8DED /* Main.storyboard */; };
		38EF625627EA5C31009D8DED /* Assets.xcassets in Resources */ = {isa = PBXBuildFile; fileRef = 38EF625527EA5C31009D8DED /* Assets.xcassets */; };
		38EF625927EA5C31009D8DED /* LaunchScreen.storyboard in Resources */ = {isa = PBXBuildFile; fileRef = 38EF625727EA5C31009D8DED /* LaunchScreen.storyboard */; };
		38EF625C27EA5C31009D8DED /* main.m in Sources */ = {isa = PBXBuildFile; fileRef = 38EF625B27EA5C31009D8DED /* main.m */; };
		920113C127EB75FF006CB1AA /* MovieListPage.m in Sources */ = {isa = PBXBuildFile; fileRef = 920113C027EB75FF006CB1AA /* MovieListPage.m */; };
		920113C427EB76FF006CB1AA /* TheMovie.m in Sources */ = {isa = PBXBuildFile; fileRef = 920113C327EB76FF006CB1AA /* TheMovie.m */; };
		920113C727EBBB3A006CB1AA /* TheMovieTableViewCell.m in Sources */ = {isa = PBXBuildFile; fileRef = 920113C627EBBB3A006CB1AA /* TheMovieTableViewCell.m */; };
/* End PBXBuildFile section */

/* Begin PBXFileReference section */
		38EF624627EA5C2D009D8DED /* movieObjC.app */ = {isa = PBXFileReference; explicitFileType = wrapper.application; includeInIndex = 0; path = movieObjC.app; sourceTree = BUILT_PRODUCTS_DIR; };
		38EF624927EA5C2D009D8DED /* AppDelegate.h */ = {isa = PBXFileReference; lastKnownFileType = sourcecode.c.h; path = AppDelegate.h; sourceTree = "<group>"; };
		38EF624A27EA5C2D009D8DED /* AppDelegate.m */ = {isa = PBXFileReference; lastKnownFileType = sourcecode.c.objc; path = AppDelegate.m; sourceTree = "<group>"; };
		38EF624C27EA5C2D009D8DED /* SceneDelegate.h */ = {isa = PBXFileReference; lastKnownFileType = sourcecode.c.h; path = SceneDelegate.h; sourceTree = "<group>"; };
		38EF624D27EA5C2D009D8DED /* SceneDelegate.m */ = {isa = PBXFileReference; lastKnownFileType = sourcecode.c.objc; path = SceneDelegate.m; sourceTree = "<group>"; };
		38EF624F27EA5C2D009D8DED /* ViewController.h */ = {isa = PBXFileReference; lastKnownFileType = sourcecode.c.h; path = ViewController.h; sourceTree = "<group>"; };
		38EF625027EA5C2D009D8DED /* ViewController.m */ = {isa = PBXFileReference; lastKnownFileType = sourcecode.c.objc; path = ViewController.m; sourceTree = "<group>"; };
		38EF625327EA5C2D009D8DED /* Base */ = {isa = PBXFileReference; lastKnownFileType = file.storyboard; name = Base; path = Base.lproj/Main.storyboard; sourceTree = "<group>"; };
		38EF625527EA5C31009D8DED /* Assets.xcassets */ = {isa = PBXFileReference; lastKnownFileType = folder.assetcatalog; path = Assets.xcassets; sourceTree = "<group>"; };
		38EF625827EA5C31009D8DED /* Base */ = {isa = PBXFileReference; lastKnownFileType = file.storyboard; name = Base; path = Base.lproj/LaunchScreen.storyboard; sourceTree = "<group>"; };
		38EF625A27EA5C31009D8DED /* Info.plist */ = {isa = PBXFileReference; lastKnownFileType = text.plist.xml; path = Info.plist; sourceTree = "<group>"; };
		38EF625B27EA5C31009D8DED /* main.m */ = {isa = PBXFileReference; lastKnownFileType = sourcecode.c.objc; path = main.m; sourceTree = "<group>"; };
		38EF626827EA6531009D8DED /* Movie.h */ = {isa = PBXFileReference; lastKnownFileType = sourcecode.c.h; path = Movie.h; sourceTree = "<group>"; };
		38EF626927EA6798009D8DED /* Genre.h */ = {isa = PBXFileReference; lastKnownFileType = sourcecode.c.h; path = Genre.h; sourceTree = "<group>"; };
		38EF626B27EA791E009D8DED /* MovieViewController.h */ = {isa = PBXFileReference; lastKnownFileType = sourcecode.c.h; path = MovieViewController.h; sourceTree = "<group>"; };
		920113BF27EB75FF006CB1AA /* MovieListPage.h */ = {isa = PBXFileReference; lastKnownFileType = sourcecode.c.h; path = MovieListPage.h; sourceTree = "<group>"; };
		920113C027EB75FF006CB1AA /* MovieListPage.m */ = {isa = PBXFileReference; lastKnownFileType = sourcecode.c.objc; path = MovieListPage.m; sourceTree = "<group>"; };
		920113C227EB76FF006CB1AA /* TheMovie.h */ = {isa = PBXFileReference; lastKnownFileType = sourcecode.c.h; path = TheMovie.h; sourceTree = "<group>"; };
		920113C327EB76FF006CB1AA /* TheMovie.m */ = {isa = PBXFileReference; lastKnownFileType = sourcecode.c.objc; path = TheMovie.m; sourceTree = "<group>"; };
		920113C527EBBB3A006CB1AA /* TheMovieTableViewCell.h */ = {isa = PBXFileReference; lastKnownFileType = sourcecode.c.h; path = TheMovieTableViewCell.h; sourceTree = "<group>"; };
		920113C627EBBB3A006CB1AA /* TheMovieTableViewCell.m */ = {isa = PBXFileReference; lastKnownFileType = sourcecode.c.objc; path = TheMovieTableViewCell.m; sourceTree = "<group>"; };
/* End PBXFileReference section */

/* Begin PBXFrameworksBuildPhase section */
		38EF624327EA5C2D009D8DED /* Frameworks */ = {
			isa = PBXFrameworksBuildPhase;
			buildActionMask = 2147483647;
			files = (
			);
			runOnlyForDeploymentPostprocessing = 0;
		};
/* End PBXFrameworksBuildPhase section */

/* Begin PBXGroup section */
		38EF623D27EA5C2D009D8DED = {
			isa = PBXGroup;
			children = (
				38EF626B27EA791E009D8DED /* MovieViewController.h */,
				38EF624827EA5C2D009D8DED /* movieObjC */,
				38EF624727EA5C2D009D8DED /* Products */,
			);
			sourceTree = "<group>";
		};
		38EF624727EA5C2D009D8DED /* Products */ = {
			isa = PBXGroup;
			children = (
				38EF624627EA5C2D009D8DED /* movieObjC.app */,
			);
			name = Products;
			sourceTree = "<group>";
		};
		38EF624827EA5C2D009D8DED /* movieObjC */ = {
			isa = PBXGroup;
			children = (
				38EF626A27EA76D9009D8DED /* API */,
				38EF626227EA6460009D8DED /* Base */,
				38EF626327EA6472009D8DED /* Model */,
				38EF626427EA6488009D8DED /* View */,
				38EF625A27EA5C31009D8DED /* Info.plist */,
				38EF625B27EA5C31009D8DED /* main.m */,
			);
			path = movieObjC;
			sourceTree = "<group>";
		};
		38EF626227EA6460009D8DED /* Base */ = {
			isa = PBXGroup;
			children = (
				38EF626627EA649A009D8DED /* Delegates */,
				38EF626727EA64CF009D8DED /* Assets */,
				38EF625227EA5C2D009D8DED /* Main.storyboard */,
				38EF625727EA5C31009D8DED /* LaunchScreen.storyboard */,
			);
			path = Base;
			sourceTree = "<group>";
		};
		38EF626327EA6472009D8DED /* Model */ = {
			isa = PBXGroup;
			children = (
				38EF626827EA6531009D8DED /* Movie.h */,
				38EF626927EA6798009D8DED /* Genre.h */,
				920113BF27EB75FF006CB1AA /* MovieListPage.h */,
				920113C027EB75FF006CB1AA /* MovieListPage.m */,
				920113C227EB76FF006CB1AA /* TheMovie.h */,
				920113C327EB76FF006CB1AA /* TheMovie.m */,
			);
			path = Model;
			sourceTree = "<group>";
		};
		38EF626427EA6488009D8DED /* View */ = {
			isa = PBXGroup;
			children = (
				38EF624F27EA5C2D009D8DED /* ViewController.h */,
				38EF625027EA5C2D009D8DED /* ViewController.m */,
				920113C527EBBB3A006CB1AA /* TheMovieTableViewCell.h */,
				920113C627EBBB3A006CB1AA /* TheMovieTableViewCell.m */,
			);
			path = View;
			sourceTree = "<group>";
		};
		38EF626627EA649A009D8DED /* Delegates */ = {
			isa = PBXGroup;
			children = (
				38EF624D27EA5C2D009D8DED /* SceneDelegate.m */,
				38EF624C27EA5C2D009D8DED /* SceneDelegate.h */,
				38EF624927EA5C2D009D8DED /* AppDelegate.h */,
				38EF624A27EA5C2D009D8DED /* AppDelegate.m */,
			);
			path = Delegates;
			sourceTree = "<group>";
		};
		38EF626727EA64CF009D8DED /* Assets */ = {
			isa = PBXGroup;
			children = (
				38EF625527EA5C31009D8DED /* Assets.xcassets */,
			);
			path = Assets;
			sourceTree = "<group>";
		};
		38EF626A27EA76D9009D8DED /* API */ = {
			isa = PBXGroup;
			children = (
			);
			path = API;
			sourceTree = "<group>";
		};
/* End PBXGroup section */

/* Begin PBXNativeTarget section */
		38EF624527EA5C2D009D8DED /* movieObjC */ = {
			isa = PBXNativeTarget;
			buildConfigurationList = 38EF625F27EA5C31009D8DED /* Build configuration list for PBXNativeTarget "movieObjC" */;
			buildPhases = (
				38EF624227EA5C2D009D8DED /* Sources */,
				38EF624327EA5C2D009D8DED /* Frameworks */,
				38EF624427EA5C2D009D8DED /* Resources */,
			);
			buildRules = (
			);
			dependencies = (
			);
			name = movieObjC;
			productName = movieObjC;
			productReference = 38EF624627EA5C2D009D8DED /* movieObjC.app */;
			productType = "com.apple.product-type.application";
		};
/* End PBXNativeTarget section */

/* Begin PBXProject section */
		38EF623E27EA5C2D009D8DED /* Project object */ = {
			isa = PBXProject;
			attributes = {
				BuildIndependentTargetsInParallel = 1;
				LastUpgradeCheck = 1330;
				TargetAttributes = {
					38EF624527EA5C2D009D8DED = {
						CreatedOnToolsVersion = 13.3;
					};
				};
			};
			buildConfigurationList = 38EF624127EA5C2D009D8DED /* Build configuration list for PBXProject "movieObjC" */;
			compatibilityVersion = "Xcode 13.0";
			developmentRegion = en;
			hasScannedForEncodings = 0;
			knownRegions = (
				en,
				Base,
			);
			mainGroup = 38EF623D27EA5C2D009D8DED;
			productRefGroup = 38EF624727EA5C2D009D8DED /* Products */;
			projectDirPath = "";
			projectRoot = "";
			targets = (
				38EF624527EA5C2D009D8DED /* movieObjC */,
			);
		};
/* End PBXProject section */

/* Begin PBXResourcesBuildPhase section */
		38EF624427EA5C2D009D8DED /* Resources */ = {
			isa = PBXResourcesBuildPhase;
			buildActionMask = 2147483647;
			files = (
				38EF625927EA5C31009D8DED /* LaunchScreen.storyboard in Resources */,
				38EF625627EA5C31009D8DED /* Assets.xcassets in Resources */,
				38EF625427EA5C2D009D8DED /* Main.storyboard in Resources */,
			);
			runOnlyForDeploymentPostprocessing = 0;
		};
/* End PBXResourcesBuildPhase section */

/* Begin PBXSourcesBuildPhase section */
		38EF624227EA5C2D009D8DED /* Sources */ = {
			isa = PBXSourcesBuildPhase;
			buildActionMask = 2147483647;
			files = (
				38EF625127EA5C2D009D8DED /* ViewController.m in Sources */,
				920113C127EB75FF006CB1AA /* MovieListPage.m in Sources */,
				920113C427EB76FF006CB1AA /* TheMovie.m in Sources */,
				38EF624B27EA5C2D009D8DED /* AppDelegate.m in Sources */,
				38EF625C27EA5C31009D8DED /* main.m in Sources */,
				38EF624E27EA5C2D009D8DED /* SceneDelegate.m in Sources */,
				920113C727EBBB3A006CB1AA /* TheMovieTableViewCell.m in Sources */,
			);
			runOnlyForDeploymentPostprocessing = 0;
		};
/* End PBXSourcesBuildPhase section */

/* Begin PBXVariantGroup section */
		38EF625227EA5C2D009D8DED /* Main.storyboard */ = {
			isa = PBXVariantGroup;
			children = (
				38EF625327EA5C2D009D8DED /* Base */,
			);
			name = Main.storyboard;
			sourceTree = "<group>";
		};
		38EF625727EA5C31009D8DED /* LaunchScreen.storyboard */ = {
			isa = PBXVariantGroup;
			children = (
				38EF625827EA5C31009D8DED /* Base */,
			);
			name = LaunchScreen.storyboard;
			sourceTree = "<group>";
		};
/* End PBXVariantGroup section */

/* Begin XCBuildConfiguration section */
		38EF625D27EA5C31009D8DED /* Debug */ = {
			isa = XCBuildConfiguration;
			buildSettings = {
				ALWAYS_SEARCH_USER_PATHS = NO;
				CLANG_ANALYZER_NONNULL = YES;
				CLANG_ANALYZER_NUMBER_OBJECT_CONVERSION = YES_AGGRESSIVE;
				CLANG_CXX_LANGUAGE_STANDARD = "gnu++17";
				CLANG_ENABLE_MODULES = YES;
				CLANG_ENABLE_OBJC_ARC = YES;
				CLANG_ENABLE_OBJC_WEAK = YES;
				CLANG_WARN_BLOCK_CAPTURE_AUTORELEASING = YES;
				CLANG_WARN_BOOL_CONVERSION = YES;
				CLANG_WARN_COMMA = YES;
				CLANG_WARN_CONSTANT_CONVERSION = YES;
				CLANG_WARN_DEPRECATED_OBJC_IMPLEMENTATIONS = YES;
				CLANG_WARN_DIRECT_OBJC_ISA_USAGE = YES_ERROR;
				CLANG_WARN_DOCUMENTATION_COMMENTS = YES;
				CLANG_WARN_EMPTY_BODY = YES;
				CLANG_WARN_ENUM_CONVERSION = YES;
				CLANG_WARN_INFINITE_RECURSION = YES;
				CLANG_WARN_INT_CONVERSION = YES;
				CLANG_WARN_NON_LITERAL_NULL_CONVERSION = YES;
				CLANG_WARN_OBJC_IMPLICIT_RETAIN_SELF = YES;
				CLANG_WARN_OBJC_LITERAL_CONVERSION = YES;
				CLANG_WARN_OBJC_ROOT_CLASS = YES_ERROR;
				CLANG_WARN_QUOTED_INCLUDE_IN_FRAMEWORK_HEADER = YES;
				CLANG_WARN_RANGE_LOOP_ANALYSIS = YES;
				CLANG_WARN_STRICT_PROTOTYPES = YES;
				CLANG_WARN_SUSPICIOUS_MOVE = YES;
				CLANG_WARN_UNGUARDED_AVAILABILITY = YES_AGGRESSIVE;
				CLANG_WARN_UNREACHABLE_CODE = YES;
				CLANG_WARN__DUPLICATE_METHOD_MATCH = YES;
				COPY_PHASE_STRIP = NO;
				DEBUG_INFORMATION_FORMAT = dwarf;
				ENABLE_STRICT_OBJC_MSGSEND = YES;
				ENABLE_TESTABILITY = YES;
				GCC_C_LANGUAGE_STANDARD = gnu11;
				GCC_DYNAMIC_NO_PIC = NO;
				GCC_NO_COMMON_BLOCKS = YES;
				GCC_OPTIMIZATION_LEVEL = 0;
				GCC_PREPROCESSOR_DEFINITIONS = (
					"DEBUG=1",
					"$(inherited)",
				);
				GCC_WARN_64_TO_32_BIT_CONVERSION = YES;
				GCC_WARN_ABOUT_RETURN_TYPE = YES_ERROR;
				GCC_WARN_UNDECLARED_SELECTOR = YES;
				GCC_WARN_UNINITIALIZED_AUTOS = YES_AGGRESSIVE;
				GCC_WARN_UNUSED_FUNCTION = YES;
				GCC_WARN_UNUSED_VARIABLE = YES;
				IPHONEOS_DEPLOYMENT_TARGET = 15.4;
				MTL_ENABLE_DEBUG_INFO = INCLUDE_SOURCE;
				MTL_FAST_MATH = YES;
				ONLY_ACTIVE_ARCH = YES;
				SDKROOT = iphoneos;
			};
			name = Debug;
		};
		38EF625E27EA5C31009D8DED /* Release */ = {
			isa = XCBuildConfiguration;
			buildSettings = {
				ALWAYS_SEARCH_USER_PATHS = NO;
				CLANG_ANALYZER_NONNULL = YES;
				CLANG_ANALYZER_NUMBER_OBJECT_CONVERSION = YES_AGGRESSIVE;
				CLANG_CXX_LANGUAGE_STANDARD = "gnu++17";
				CLANG_ENABLE_MODULES = YES;
				CLANG_ENABLE_OBJC_ARC = YES;
				CLANG_ENABLE_OBJC_WEAK = YES;
				CLANG_WARN_BLOCK_CAPTURE_AUTORELEASING = YES;
				CLANG_WARN_BOOL_CONVERSION = YES;
				CLANG_WARN_COMMA = YES;
				CLANG_WARN_CONSTANT_CONVERSION = YES;
				CLANG_WARN_DEPRECATED_OBJC_IMPLEMENTATIONS = YES;
				CLANG_WARN_DIRECT_OBJC_ISA_USAGE = YES_ERROR;
				CLANG_WARN_DOCUMENTATION_COMMENTS = YES;
				CLANG_WARN_EMPTY_BODY = YES;
				CLANG_WARN_ENUM_CONVERSION = YES;
				CLANG_WARN_INFINITE_RECURSION = YES;
				CLANG_WARN_INT_CONVERSION = YES;
				CLANG_WARN_NON_LITERAL_NULL_CONVERSION = YES;
				CLANG_WARN_OBJC_IMPLICIT_RETAIN_SELF = YES;
				CLANG_WARN_OBJC_LITERAL_CONVERSION = YES;
				CLANG_WARN_OBJC_ROOT_CLASS = YES_ERROR;
				CLANG_WARN_QUOTED_INCLUDE_IN_FRAMEWORK_HEADER = YES;
				CLANG_WARN_RANGE_LOOP_ANALYSIS = YES;
				CLANG_WARN_STRICT_PROTOTYPES = YES;
				CLANG_WARN_SUSPICIOUS_MOVE = YES;
				CLANG_WARN_UNGUARDED_AVAILABILITY = YES_AGGRESSIVE;
				CLANG_WARN_UNREACHABLE_CODE = YES;
				CLANG_WARN__DUPLICATE_METHOD_MATCH = YES;
				COPY_PHASE_STRIP = NO;
				DEBUG_INFORMATION_FORMAT = "dwarf-with-dsym";
				ENABLE_NS_ASSERTIONS = NO;
				ENABLE_STRICT_OBJC_MSGSEND = YES;
				GCC_C_LANGUAGE_STANDARD = gnu11;
				GCC_NO_COMMON_BLOCKS = YES;
				GCC_WARN_64_TO_32_BIT_CONVERSION = YES;
				GCC_WARN_ABOUT_RETURN_TYPE = YES_ERROR;
				GCC_WARN_UNDECLARED_SELECTOR = YES;
				GCC_WARN_UNINITIALIZED_AUTOS = YES_AGGRESSIVE;
				GCC_WARN_UNUSED_FUNCTION = YES;
				GCC_WARN_UNUSED_VARIABLE = YES;
				IPHONEOS_DEPLOYMENT_TARGET = 15.4;
				MTL_ENABLE_DEBUG_INFO = NO;
				MTL_FAST_MATH = YES;
				SDKROOT = iphoneos;
				VALIDATE_PRODUCT = YES;
			};
			name = Release;
		};
		38EF626027EA5C31009D8DED /* Debug */ = {
			isa = XCBuildConfiguration;
			buildSettings = {
				ASSETCATALOG_COMPILER_APPICON_NAME = AppIcon;
				ASSETCATALOG_COMPILER_GLOBAL_ACCENT_COLOR_NAME = AccentColor;
				CODE_SIGN_STYLE = Automatic;
				CURRENT_PROJECT_VERSION = 1;
				DEVELOPMENT_TEAM = YM283LC5H4;
				GENERATE_INFOPLIST_FILE = YES;
				INFOPLIST_FILE = movieObjC/Info.plist;
				INFOPLIST_KEY_UIApplicationSupportsIndirectInputEvents = YES;
				INFOPLIST_KEY_UILaunchStoryboardName = LaunchScreen;
				INFOPLIST_KEY_UIMainStoryboardFile = Main;
				INFOPLIST_KEY_UISupportedInterfaceOrientations_iPad = "UIInterfaceOrientationPortrait UIInterfaceOrientationPortraitUpsideDown UIInterfaceOrientationLandscapeLeft UIInterfaceOrientationLandscapeRight";
				INFOPLIST_KEY_UISupportedInterfaceOrientations_iPhone = "UIInterfaceOrientationPortrait UIInterfaceOrientationLandscapeLeft UIInterfaceOrientationLandscapeRight";
				LD_RUNPATH_SEARCH_PATHS = (
					"$(inherited)",
					"@executable_path/Frameworks",
				);
				MARKETING_VERSION = 1.0;
				PRODUCT_BUNDLE_IDENTIFIER = luizmellodev.movieObjC;
				PRODUCT_NAME = "$(TARGET_NAME)";
				SWIFT_EMIT_LOC_STRINGS = YES;
				TARGETED_DEVICE_FAMILY = "1,2";
			};
			name = Debug;
		};
		38EF626127EA5C31009D8DED /* Release */ = {
			isa = XCBuildConfiguration;
			buildSettings = {
				ASSETCATALOG_COMPILER_APPICON_NAME = AppIcon;
				ASSETCATALOG_COMPILER_GLOBAL_ACCENT_COLOR_NAME = AccentColor;
				CODE_SIGN_STYLE = Automatic;
				CURRENT_PROJECT_VERSION = 1;
				DEVELOPMENT_TEAM = YM283LC5H4;
				GENERATE_INFOPLIST_FILE = YES;
				INFOPLIST_FILE = movieObjC/Info.plist;
				INFOPLIST_KEY_UIApplicationSupportsIndirectInputEvents = YES;
				INFOPLIST_KEY_UILaunchStoryboardName = LaunchScreen;
				INFOPLIST_KEY_UIMainStoryboardFile = Main;
				INFOPLIST_KEY_UISupportedInterfaceOrientations_iPad = "UIInterfaceOrientationPortrait UIInterfaceOrientationPortraitUpsideDown UIInterfaceOrientationLandscapeLeft UIInterfaceOrientationLandscapeRight";
				INFOPLIST_KEY_UISupportedInterfaceOrientations_iPhone = "UIInterfaceOrientationPortrait UIInterfaceOrientationLandscapeLeft UIInterfaceOrientationLandscapeRight";
				LD_RUNPATH_SEARCH_PATHS = (
					"$(inherited)",
					"@executable_path/Frameworks",
				);
				MARKETING_VERSION = 1.0;
				PRODUCT_BUNDLE_IDENTIFIER = luizmellodev.movieObjC;
				PRODUCT_NAME = "$(TARGET_NAME)";
				SWIFT_EMIT_LOC_STRINGS = YES;
				TARGETED_DEVICE_FAMILY = "1,2";
			};
			name = Release;
		};
/* End XCBuildConfiguration section */

/* Begin XCConfigurationList section */
		38EF624127EA5C2D009D8DED /* Build configuration list for PBXProject "movieObjC" */ = {
			isa = XCConfigurationList;
			buildConfigurations = (
				38EF625D27EA5C31009D8DED /* Debug */,
				38EF625E27EA5C31009D8DED /* Release */,
			);
			defaultConfigurationIsVisible = 0;
			defaultConfigurationName = Release;
		};
		38EF625F27EA5C31009D8DED /* Build configuration list for PBXNativeTarget "movieObjC" */ = {
			isa = XCConfigurationList;
			buildConfigurations = (
				38EF626027EA5C31009D8DED /* Debug */,
				38EF626127EA5C31009D8DED /* Release */,
			);
			defaultConfigurationIsVisible = 0;
			defaultConfigurationName = Release;
		};
/* End XCConfigurationList section */
	};
	rootObject = 38EF623E27EA5C2D009D8DED /* Project object */;
}
